
Microsoft Visual Studio Solution File, Format Version 12.00
# Visual Studio 2013
VisualStudioVersion = 12.0.40629.0
MinimumVisualStudioVersion = 10.0.40219.1
Project("{FAE04EC0-301F-11D3-BF4B-00C04F79EFBC}") = "uic-etl", "uic-etl.csproj", "{281EDC05-ADA9-4908-B9B8-B39B544A7D20}"
EndProject
Project("{FAE04EC0-301F-11D3-BF4B-00C04F79EFBC}") = "tests.uic-etl", "tests.uic-etl\tests.uic-etl.csproj", "{AABD646C-6EB2-4863-B735-CC6574EC7698}"
EndProject
Project("{FAE04EC0-301F-11D3-BF4B-00C04F79EFBC}") = "domain.uic-etl", "..\domain.uic-etl\domain.uic-etl.csproj", "{E7F4093D-7977-4E7C-BF1F-82D8CA8BB0E5}"
EndProject
Project("{2150E333-8FDC-42A3-9474-1A3956D46DE8}") = "XML Schema", "XML Schema", "{A7B7A698-FC00-456E-961D-1F86F059BF49}"
	ProjectSection(SolutionItems) = preProject
		Example.xml = Example.xml
	EndProjectSection
EndProject
Global
	GlobalSection(SolutionConfigurationPlatforms) = preSolution
		Debug|Any CPU = Debug|Any CPU
		Release|Any CPU = Release|Any CPU
	EndGlobalSection
	GlobalSection(ProjectConfigurationPlatforms) = postSolution
		{281EDC05-ADA9-4908-B9B8-B39B544A7D20}.Debug|Any CPU.ActiveCfg = Debug|Any CPU
		{281EDC05-ADA9-4908-B9B8-B39B544A7D20}.Debug|Any CPU.Build.0 = Debug|Any CPU
		{281EDC05-ADA9-4908-B9B8-B39B544A7D20}.Release|Any CPU.ActiveCfg = Release|Any CPU
		{281EDC05-ADA9-4908-B9B8-B39B544A7D20}.Release|Any CPU.Build.0 = Release|Any CPU
		{AABD646C-6EB2-4863-B735-CC6574EC7698}.Debug|Any CPU.ActiveCfg = Debug|Any CPU
		{AABD646C-6EB2-4863-B735-CC6574EC7698}.Debug|Any CPU.Build.0 = Debug|Any CPU
		{AABD646C-6EB2-4863-B735-CC6574EC7698}.Release|Any CPU.ActiveCfg = Release|Any CPU
		{AABD646C-6EB2-4863-B735-CC6574EC7698}.Release|Any CPU.Build.0 = Release|Any CPU
		{E7F4093D-7977-4E7C-BF1F-82D8CA8BB0E5}.Debug|Any CPU.ActiveCfg = Debug|Any CPU
		{E7F4093D-7977-4E7C-BF1F-82D8CA8BB0E5}.Debug|Any CPU.Build.0 = Debug|Any CPU
		{E7F4093D-7977-4E7C-BF1F-82D8CA8BB0E5}.Release|Any CPU.ActiveCfg = Release|Any CPU
		{E7F4093D-7977-4E7C-BF1F-82D8CA8BB0E5}.Release|Any CPU.Build.0 = Release|Any CPU
	EndGlobalSection
	GlobalSection(SolutionProperties) = preSolution
		HideSolutionNode = FALSE
	EndGlobalSection
EndGlobal
